// !$*UTF8*$!
{
	archiveVersion = 1;
	classes = {
	};
	objectVersion = 56;
	objects = {

/* Begin PBXBuildFile section */
		205CD15F2AA0C3DD0082374E /* UpComingMatchesView.swift in Sources */ = {isa = PBXBuildFile; fileRef = 205CD15E2AA0C3DD0082374E /* UpComingMatchesView.swift */; };
		205CD1652AA0C84D0082374E /* CrickitIntents.swift in Sources */ = {isa = PBXBuildFile; fileRef = 205CD1642AA0C84D0082374E /* CrickitIntents.swift */; };
		205CD1672AA0ECE40082374E /* FavouriteTeamView.swift in Sources */ = {isa = PBXBuildFile; fileRef = 205CD1662AA0ECE30082374E /* FavouriteTeamView.swift */; };
		205CD16A2AA187250082374E /* UserData.swift in Sources */ = {isa = PBXBuildFile; fileRef = 205CD1692AA187240082374E /* UserData.swift */; };
		205CD17A2AA231F00082374E /* CrickitIntents.swift in Sources */ = {isa = PBXBuildFile; fileRef = 205CD1642AA0C84D0082374E /* CrickitIntents.swift */; };
		205CD17B2AA231F80082374E /* FireStoreHelper.swift in Sources */ = {isa = PBXBuildFile; fileRef = 2065A4592A98858C00F3C522 /* FireStoreHelper.swift */; };
		205CD17C2AA231FB0082374E /* FirebaseDataService.swift in Sources */ = {isa = PBXBuildFile; fileRef = 209ADA752A987C90002B31D5 /* FirebaseDataService.swift */; };
		205CD18A2AA2372E0082374E /* LiveScoreCardViewModel.swift in Sources */ = {isa = PBXBuildFile; fileRef = 209ADA712A95C5A7002B31D5 /* LiveScoreCardViewModel.swift */; };
		205CD18D2AA239D20082374E /* FirebaseAuth in Frameworks */ = {isa = PBXBuildFile; productRef = 205CD18C2AA239D20082374E /* FirebaseAuth */; };
		205CD18F2AA239D20082374E /* FirebaseFirestore in Frameworks */ = {isa = PBXBuildFile; productRef = 205CD18E2AA239D20082374E /* FirebaseFirestore */; };
		205CD1912AA239D20082374E /* FirebaseFirestoreSwift in Frameworks */ = {isa = PBXBuildFile; productRef = 205CD1902AA239D20082374E /* FirebaseFirestoreSwift */; };
		205CD1932AA239EB0082374E /* FirebaseAuth in Frameworks */ = {isa = PBXBuildFile; productRef = 205CD1922AA239EB0082374E /* FirebaseAuth */; };
		205CD1952AA239F10082374E /* FirebaseFirestoreSwift in Frameworks */ = {isa = PBXBuildFile; productRef = 205CD1942AA239F10082374E /* FirebaseFirestoreSwift */; };
		205CD1972AA239FF0082374E /* FirebaseFirestore in Frameworks */ = {isa = PBXBuildFile; productRef = 205CD1962AA239FF0082374E /* FirebaseFirestore */; };
		205CD1982AA23BE10082374E /* GoogleService-Info.plist in Resources */ = {isa = PBXBuildFile; fileRef = 209ADA6F2A95A983002B31D5 /* GoogleService-Info.plist */; };
		2065A45A2A98858C00F3C522 /* FireStoreHelper.swift in Sources */ = {isa = PBXBuildFile; fileRef = 2065A4592A98858C00F3C522 /* FireStoreHelper.swift */; };
		2096CFFA2A99E31C0093C131 /* RecentMatchesViewModel.swift in Sources */ = {isa = PBXBuildFile; fileRef = 2096CFF92A99E31C0093C131 /* RecentMatchesViewModel.swift */; };
		2096CFFC2A99E32F0093C131 /* RecentMatchModel.swift in Sources */ = {isa = PBXBuildFile; fileRef = 2096CFFB2A99E32F0093C131 /* RecentMatchModel.swift */; };
		209ADA702A95A983002B31D5 /* GoogleService-Info.plist in Resources */ = {isa = PBXBuildFile; fileRef = 209ADA6F2A95A983002B31D5 /* GoogleService-Info.plist */; };
		209ADA722A95C5A7002B31D5 /* LiveScoreCardViewModel.swift in Sources */ = {isa = PBXBuildFile; fileRef = 209ADA712A95C5A7002B31D5 /* LiveScoreCardViewModel.swift */; };
		209ADA742A964E09002B31D5 /* Alerts.swift in Sources */ = {isa = PBXBuildFile; fileRef = 209ADA732A964E09002B31D5 /* Alerts.swift */; };
		209ADA762A987C90002B31D5 /* FirebaseDataService.swift in Sources */ = {isa = PBXBuildFile; fileRef = 209ADA752A987C90002B31D5 /* FirebaseDataService.swift */; };
		20C067382A8CCA7F00102BCF /* WidgetKit.framework in Frameworks */ = {isa = PBXBuildFile; fileRef = 20C067372A8CCA7E00102BCF /* WidgetKit.framework */; };
		20C0673A2A8CCA7F00102BCF /* SwiftUI.framework in Frameworks */ = {isa = PBXBuildFile; fileRef = 20C067392A8CCA7F00102BCF /* SwiftUI.framework */; };
		20C0673D2A8CCA7F00102BCF /* CrickitWidgetBundle.swift in Sources */ = {isa = PBXBuildFile; fileRef = 20C0673C2A8CCA7F00102BCF /* CrickitWidgetBundle.swift */; };
		20C0673F2A8CCA7F00102BCF /* CrickitWidgetLiveActivity.swift in Sources */ = {isa = PBXBuildFile; fileRef = 20C0673E2A8CCA7F00102BCF /* CrickitWidgetLiveActivity.swift */; };
		20C067412A8CCA7F00102BCF /* CrickitWidget.swift in Sources */ = {isa = PBXBuildFile; fileRef = 20C067402A8CCA7F00102BCF /* CrickitWidget.swift */; };
		20C067442A8CCA8700102BCF /* Assets.xcassets in Resources */ = {isa = PBXBuildFile; fileRef = 20C067432A8CCA8700102BCF /* Assets.xcassets */; };
		20C067462A8CCA8700102BCF /* CrickitWidget.intentdefinition in Sources */ = {isa = PBXBuildFile; fileRef = 20C067422A8CCA7F00102BCF /* CrickitWidget.intentdefinition */; };
		20C067472A8CCA8700102BCF /* CrickitWidget.intentdefinition in Sources */ = {isa = PBXBuildFile; fileRef = 20C067422A8CCA7F00102BCF /* CrickitWidget.intentdefinition */; };
		20C0674A2A8CCA8700102BCF /* CrickitWidgetExtension.appex in Embed Foundation Extensions */ = {isa = PBXBuildFile; fileRef = 20C067352A8CCA7E00102BCF /* CrickitWidgetExtension.appex */; settings = {ATTRIBUTES = (RemoveHeadersOnCopy, ); }; };
		20C067512A8CD2FB00102BCF /* LiveScoreCardModel.swift in Sources */ = {isa = PBXBuildFile; fileRef = 20C067502A8CD2FB00102BCF /* LiveScoreCardModel.swift */; };
		20C067532A8CD36800102BCF /* HomeSectionsView.swift in Sources */ = {isa = PBXBuildFile; fileRef = 20C067522A8CD36800102BCF /* HomeSectionsView.swift */; };
		20C067552A8CD48C00102BCF /* SectionTitleView.swift in Sources */ = {isa = PBXBuildFile; fileRef = 20C067542A8CD48C00102BCF /* SectionTitleView.swift */; };
		20C067572A8CDA5B00102BCF /* LiveScoreCardModel.swift in Sources */ = {isa = PBXBuildFile; fileRef = 20C067502A8CD2FB00102BCF /* LiveScoreCardModel.swift */; };
		20C0675B2A8CE16100102BCF /* LiveScoreCardEntry.swift in Sources */ = {isa = PBXBuildFile; fileRef = 20C067592A8CE15700102BCF /* LiveScoreCardEntry.swift */; };
		20C067632A8CEAE900102BCF /* Provider.swift in Sources */ = {isa = PBXBuildFile; fileRef = 20C067612A8CEAE600102BCF /* Provider.swift */; };
		20C067642A8CF13600102BCF /* WidgetSmall.swift in Sources */ = {isa = PBXBuildFile; fileRef = 20C0675D2A8CEA5B00102BCF /* WidgetSmall.swift */; };
		20C067652A8CF39500102BCF /* WidgetMedium.swift in Sources */ = {isa = PBXBuildFile; fileRef = 20C0675F2A8CEA6C00102BCF /* WidgetMedium.swift */; };
		20C067672A8CF72700102BCF /* ColorHelper+Extension.swift in Sources */ = {isa = PBXBuildFile; fileRef = 460FD2002A841E4100029FD7 /* ColorHelper+Extension.swift */; };
		20C067682A8CF94C00102BCF /* LiveScoreCardView.swift in Sources */ = {isa = PBXBuildFile; fileRef = 469377082A8A6568003E9AD8 /* LiveScoreCardView.swift */; };
		20C067692A8CF9B200102BCF /* Assets.xcassets in Resources */ = {isa = PBXBuildFile; fileRef = 463928122A7EC0B3002C2767 /* Assets.xcassets */; };
		460A27A92AA4ABDC00C3A420 /* AnimatedLogoView.swift in Sources */ = {isa = PBXBuildFile; fileRef = 460A27A82AA4ABDC00C3A420 /* AnimatedLogoView.swift */; };
		460FD2012A841E4100029FD7 /* PlayerProfileView.swift in Sources */ = {isa = PBXBuildFile; fileRef = 460FD1FF2A841E4100029FD7 /* PlayerProfileView.swift */; };
		460FD2022A841E4100029FD7 /* ColorHelper+Extension.swift in Sources */ = {isa = PBXBuildFile; fileRef = 460FD2002A841E4100029FD7 /* ColorHelper+Extension.swift */; };
		460FD2052A841F1700029FD7 /* PlayerBackgroundView.swift in Sources */ = {isa = PBXBuildFile; fileRef = 460FD2042A841F1700029FD7 /* PlayerBackgroundView.swift */; };
		460FD2072A841FCC00029FD7 /* PlayerHeaderView.swift in Sources */ = {isa = PBXBuildFile; fileRef = 460FD2062A841FCC00029FD7 /* PlayerHeaderView.swift */; };
		460FD2092A84203C00029FD7 /* PlayerStatsView.swift in Sources */ = {isa = PBXBuildFile; fileRef = 460FD2082A84203C00029FD7 /* PlayerStatsView.swift */; };
		460FD20B2A84210100029FD7 /* RoundedRectangleView.swift in Sources */ = {isa = PBXBuildFile; fileRef = 460FD20A2A84210100029FD7 /* RoundedRectangleView.swift */; };
		460FD24E2A84E75700029FD7 /* CardView.swift in Sources */ = {isa = PBXBuildFile; fileRef = 460FD24D2A84E75700029FD7 /* CardView.swift */; };
		460FD2502A84E77600029FD7 /* CustomTabBar.swift in Sources */ = {isa = PBXBuildFile; fileRef = 460FD24F2A84E77600029FD7 /* CustomTabBar.swift */; };
		460FD2522A84E79600029FD7 /* CustomTextField.swift in Sources */ = {isa = PBXBuildFile; fileRef = 460FD2512A84E79600029FD7 /* CustomTextField.swift */; };
		460FD2542A84E7AF00029FD7 /* RotationButton.swift in Sources */ = {isa = PBXBuildFile; fileRef = 460FD2532A84E7AF00029FD7 /* RotationButton.swift */; };
		460FD2582A84E83400029FD7 /* ShopPage.swift in Sources */ = {isa = PBXBuildFile; fileRef = 460FD2572A84E83400029FD7 /* ShopPage.swift */; };
		460FD25E2A84E8A700029FD7 /* SignInPage.swift in Sources */ = {isa = PBXBuildFile; fileRef = 460FD25D2A84E8A700029FD7 /* SignInPage.swift */; };
		460FD2602A84E8B500029FD7 /* SignInView.swift in Sources */ = {isa = PBXBuildFile; fileRef = 460FD25F2A84E8B500029FD7 /* SignInView.swift */; };
		460FD2622A84E8C900029FD7 /* SignUpView.swift in Sources */ = {isa = PBXBuildFile; fileRef = 460FD2612A84E8C900029FD7 /* SignUpView.swift */; };
		460FD2652A84E9D200029FD7 /* HomePage.swift in Sources */ = {isa = PBXBuildFile; fileRef = 460FD2642A84E9D200029FD7 /* HomePage.swift */; };
		460FD2672A84EA0700029FD7 /* TextFieldValidator.swift in Sources */ = {isa = PBXBuildFile; fileRef = 460FD2662A84EA0700029FD7 /* TextFieldValidator.swift */; };
		460FD26B2A84EA4F00029FD7 /* CustomViewModifiers.swift in Sources */ = {isa = PBXBuildFile; fileRef = 460FD26A2A84EA4F00029FD7 /* CustomViewModifiers.swift */; };
		460FD26D2A84EA8400029FD7 /* HomeSectionObservables.swift in Sources */ = {isa = PBXBuildFile; fileRef = 460FD26C2A84EA8400029FD7 /* HomeSectionObservables.swift */; };
		460FD26F2A84EB7400029FD7 /* test.swift in Sources */ = {isa = PBXBuildFile; fileRef = 460FD26E2A84EB7400029FD7 /* test.swift */; };
		461BFE8B2A8EA062007AECB3 /* User.swift in Sources */ = {isa = PBXBuildFile; fileRef = 461BFE8A2A8EA062007AECB3 /* User.swift */; };
		461BFE8F2A8EABF6007AECB3 /* UserProfilePage.swift in Sources */ = {isa = PBXBuildFile; fileRef = 461BFE8E2A8EABF6007AECB3 /* UserProfilePage.swift */; };
		461BFE922A8EAD27007AECB3 /* AuthViewModel.swift in Sources */ = {isa = PBXBuildFile; fileRef = 461BFE912A8EAD27007AECB3 /* AuthViewModel.swift */; };
		461BFE962A8ECA87007AECB3 /* SettingsRowView.swift in Sources */ = {isa = PBXBuildFile; fileRef = 461BFE952A8ECA87007AECB3 /* SettingsRowView.swift */; };
		461BFE982A8ECC80007AECB3 /* ProfileCard.swift in Sources */ = {isa = PBXBuildFile; fileRef = 461BFE972A8ECC80007AECB3 /* ProfileCard.swift */; };
		461BFEA52A8FAB5D007AECB3 /* LoadingIndicator.swift in Sources */ = {isa = PBXBuildFile; fileRef = 461BFEA42A8FAB5D007AECB3 /* LoadingIndicator.swift */; };
		4639280F2A7EC0B1002C2767 /* CricKitApp.swift in Sources */ = {isa = PBXBuildFile; fileRef = 4639280E2A7EC0B1002C2767 /* CricKitApp.swift */; };
		463928132A7EC0B3002C2767 /* Assets.xcassets in Resources */ = {isa = PBXBuildFile; fileRef = 463928122A7EC0B3002C2767 /* Assets.xcassets */; };
		463928162A7EC0B3002C2767 /* Preview Assets.xcassets in Resources */ = {isa = PBXBuildFile; fileRef = 463928152A7EC0B3002C2767 /* Preview Assets.xcassets */; };
		465DC2722A9C95F400B171BE /* RankingDetailsView.swift in Sources */ = {isa = PBXBuildFile; fileRef = 465DC2712A9C95F400B171BE /* RankingDetailsView.swift */; };
		465DC2742A9C960B00B171BE /* ICCRankingView.swift in Sources */ = {isa = PBXBuildFile; fileRef = 465DC2732A9C960B00B171BE /* ICCRankingView.swift */; };
		465DC2762A9C962000B171BE /* RankingCardView.swift in Sources */ = {isa = PBXBuildFile; fileRef = 465DC2752A9C962000B171BE /* RankingCardView.swift */; };
		465F2B072A99E8230088A35A /* GoogleSignIn in Frameworks */ = {isa = PBXBuildFile; productRef = 465F2B062A99E8230088A35A /* GoogleSignIn */; };
		465F2B092A99E8230088A35A /* GoogleSignInSwift in Frameworks */ = {isa = PBXBuildFile; productRef = 465F2B082A99E8230088A35A /* GoogleSignInSwift */; };
		465F2B0C2A99EBD30088A35A /* Utilities.swift in Sources */ = {isa = PBXBuildFile; fileRef = 465F2B0B2A99EBD30088A35A /* Utilities.swift */; };
		465F2B0F2A9A91B20088A35A /* Shimmer in Frameworks */ = {isa = PBXBuildFile; productRef = 465F2B0E2A9A91B20088A35A /* Shimmer */; };
		469377032A8A64FF003E9AD8 /* RecentMatchView.swift in Sources */ = {isa = PBXBuildFile; fileRef = 469377022A8A64FF003E9AD8 /* RecentMatchView.swift */; };
		469377062A8A6530003E9AD8 /* FeaturedPlayersSectionView.swift in Sources */ = {isa = PBXBuildFile; fileRef = 469377052A8A6530003E9AD8 /* FeaturedPlayersSectionView.swift */; };
		46AF6D4E2A9B823100A3EBBB /* SwipeCard.swift in Sources */ = {isa = PBXBuildFile; fileRef = 46AF6D4D2A9B823100A3EBBB /* SwipeCard.swift */; };
		46AF6D522A9BE42300A3EBBB /* LiveScoreCardShimmerView.swift in Sources */ = {isa = PBXBuildFile; fileRef = 46AF6D512A9BE42300A3EBBB /* LiveScoreCardShimmerView.swift */; };
		46AF6D542A9BFDB400A3EBBB /* CricketNews.swift in Sources */ = {isa = PBXBuildFile; fileRef = 46AF6D532A9BFDB400A3EBBB /* CricketNews.swift */; };
		46AF6D562A9C057000A3EBBB /* CustomBackButton.swift in Sources */ = {isa = PBXBuildFile; fileRef = 46AF6D552A9C057000A3EBBB /* CustomBackButton.swift */; };
		46CAEF032A9E1B5D009312CE /* FeaturedPlayersModel.swift in Sources */ = {isa = PBXBuildFile; fileRef = 46CAEF022A9E1B5D009312CE /* FeaturedPlayersModel.swift */; };
		46CAEF052A9E1B87009312CE /* UpComingMatchesModel.swift in Sources */ = {isa = PBXBuildFile; fileRef = 46CAEF042A9E1B87009312CE /* UpComingMatchesModel.swift */; };
		46CAEF072A9E1D0C009312CE /* FeaturedPlayersViewModel.swift in Sources */ = {isa = PBXBuildFile; fileRef = 46CAEF062A9E1D0C009312CE /* FeaturedPlayersViewModel.swift */; };
		46CAEF092A9E1D3A009312CE /* UpComingMatchViewModel.swift in Sources */ = {isa = PBXBuildFile; fileRef = 46CAEF082A9E1D3A009312CE /* UpComingMatchViewModel.swift */; };
		46CC98E42A9D378F0004C8F1 /* CustomBackground.swift in Sources */ = {isa = PBXBuildFile; fileRef = 46CC98E32A9D378F0004C8F1 /* CustomBackground.swift */; };
		46D255EF2A9F24E8008D5ACF /* EmbossedButton.swift in Sources */ = {isa = PBXBuildFile; fileRef = 46D255EE2A9F24E8008D5ACF /* EmbossedButton.swift */; };
		46D255F12A9F781F008D5ACF /* SignInPageErrorMessageView.swift in Sources */ = {isa = PBXBuildFile; fileRef = 46D255F02A9F781F008D5ACF /* SignInPageErrorMessageView.swift */; };
		46D255F62A9FB907008D5ACF /* AppSettings.swift in Sources */ = {isa = PBXBuildFile; fileRef = 46D255F52A9FB907008D5ACF /* AppSettings.swift */; };
		46D255F82A9FF0D0008D5ACF /* RecentMatchShimmerView.swift in Sources */ = {isa = PBXBuildFile; fileRef = 46D255F72A9FF0D0008D5ACF /* RecentMatchShimmerView.swift */; };
/* End PBXBuildFile section */

/* Begin PBXContainerItemProxy section */
		20C067482A8CCA8700102BCF /* PBXContainerItemProxy */ = {
			isa = PBXContainerItemProxy;
			containerPortal = 463928032A7EC0B1002C2767 /* Project object */;
			proxyType = 1;
			remoteGlobalIDString = 20C067342A8CCA7E00102BCF;
			remoteInfo = CrickitWidgetExtension;
		};
/* End PBXContainerItemProxy section */

/* Begin PBXCopyFilesBuildPhase section */
		20C0674B2A8CCA8700102BCF /* Embed Foundation Extensions */ = {
			isa = PBXCopyFilesBuildPhase;
			buildActionMask = 2147483647;
			dstPath = "";
			dstSubfolderSpec = 13;
			files = (
				20C0674A2A8CCA8700102BCF /* CrickitWidgetExtension.appex in Embed Foundation Extensions */,
			);
			name = "Embed Foundation Extensions";
			runOnlyForDeploymentPostprocessing = 0;
		};
/* End PBXCopyFilesBuildPhase section */

/* Begin PBXFileReference section */
		205CD15E2AA0C3DD0082374E /* UpComingMatchesView.swift */ = {isa = PBXFileReference; fileEncoding = 4; lastKnownFileType = sourcecode.swift; path = UpComingMatchesView.swift; sourceTree = "<group>"; };
		205CD1642AA0C84D0082374E /* CrickitIntents.swift */ = {isa = PBXFileReference; fileEncoding = 4; lastKnownFileType = sourcecode.swift; path = CrickitIntents.swift; sourceTree = "<group>"; };
		205CD1662AA0ECE30082374E /* FavouriteTeamView.swift */ = {isa = PBXFileReference; lastKnownFileType = sourcecode.swift; path = FavouriteTeamView.swift; sourceTree = "<group>"; };
		205CD1692AA187240082374E /* UserData.swift */ = {isa = PBXFileReference; lastKnownFileType = sourcecode.swift; path = UserData.swift; sourceTree = "<group>"; };
		2065A4592A98858C00F3C522 /* FireStoreHelper.swift */ = {isa = PBXFileReference; lastKnownFileType = sourcecode.swift; path = FireStoreHelper.swift; sourceTree = "<group>"; };
		2096CFF92A99E31C0093C131 /* RecentMatchesViewModel.swift */ = {isa = PBXFileReference; lastKnownFileType = sourcecode.swift; path = RecentMatchesViewModel.swift; sourceTree = "<group>"; };
		2096CFFB2A99E32F0093C131 /* RecentMatchModel.swift */ = {isa = PBXFileReference; lastKnownFileType = sourcecode.swift; path = RecentMatchModel.swift; sourceTree = "<group>"; };
		209ADA6F2A95A983002B31D5 /* GoogleService-Info.plist */ = {isa = PBXFileReference; fileEncoding = 4; lastKnownFileType = text.plist.xml; path = "GoogleService-Info.plist"; sourceTree = "<group>"; };
		209ADA712A95C5A7002B31D5 /* LiveScoreCardViewModel.swift */ = {isa = PBXFileReference; lastKnownFileType = sourcecode.swift; path = LiveScoreCardViewModel.swift; sourceTree = "<group>"; };
		209ADA732A964E09002B31D5 /* Alerts.swift */ = {isa = PBXFileReference; lastKnownFileType = sourcecode.swift; path = Alerts.swift; sourceTree = "<group>"; };
		209ADA752A987C90002B31D5 /* FirebaseDataService.swift */ = {isa = PBXFileReference; lastKnownFileType = sourcecode.swift; path = FirebaseDataService.swift; sourceTree = "<group>"; };
		20C067352A8CCA7E00102BCF /* CrickitWidgetExtension.appex */ = {isa = PBXFileReference; explicitFileType = "wrapper.app-extension"; includeInIndex = 0; path = CrickitWidgetExtension.appex; sourceTree = BUILT_PRODUCTS_DIR; };
		20C067372A8CCA7E00102BCF /* WidgetKit.framework */ = {isa = PBXFileReference; lastKnownFileType = wrapper.framework; name = WidgetKit.framework; path = System/Library/Frameworks/WidgetKit.framework; sourceTree = SDKROOT; };
		20C067392A8CCA7F00102BCF /* SwiftUI.framework */ = {isa = PBXFileReference; lastKnownFileType = wrapper.framework; name = SwiftUI.framework; path = System/Library/Frameworks/SwiftUI.framework; sourceTree = SDKROOT; };
		20C0673C2A8CCA7F00102BCF /* CrickitWidgetBundle.swift */ = {isa = PBXFileReference; lastKnownFileType = sourcecode.swift; path = CrickitWidgetBundle.swift; sourceTree = "<group>"; };
		20C0673E2A8CCA7F00102BCF /* CrickitWidgetLiveActivity.swift */ = {isa = PBXFileReference; lastKnownFileType = sourcecode.swift; path = CrickitWidgetLiveActivity.swift; sourceTree = "<group>"; };
		20C067402A8CCA7F00102BCF /* CrickitWidget.swift */ = {isa = PBXFileReference; lastKnownFileType = sourcecode.swift; path = CrickitWidget.swift; sourceTree = "<group>"; };
		20C067422A8CCA7F00102BCF /* CrickitWidget.intentdefinition */ = {isa = PBXFileReference; lastKnownFileType = file.intentdefinition; path = CrickitWidget.intentdefinition; sourceTree = "<group>"; };
		20C067432A8CCA8700102BCF /* Assets.xcassets */ = {isa = PBXFileReference; lastKnownFileType = folder.assetcatalog; path = Assets.xcassets; sourceTree = "<group>"; };
		20C067452A8CCA8700102BCF /* Info.plist */ = {isa = PBXFileReference; lastKnownFileType = text.plist.xml; path = Info.plist; sourceTree = "<group>"; };
		20C067502A8CD2FB00102BCF /* LiveScoreCardModel.swift */ = {isa = PBXFileReference; lastKnownFileType = sourcecode.swift; path = LiveScoreCardModel.swift; sourceTree = "<group>"; };
		20C067522A8CD36800102BCF /* HomeSectionsView.swift */ = {isa = PBXFileReference; lastKnownFileType = sourcecode.swift; path = HomeSectionsView.swift; sourceTree = "<group>"; };
		20C067542A8CD48C00102BCF /* SectionTitleView.swift */ = {isa = PBXFileReference; lastKnownFileType = sourcecode.swift; path = SectionTitleView.swift; sourceTree = "<group>"; };
		20C067592A8CE15700102BCF /* LiveScoreCardEntry.swift */ = {isa = PBXFileReference; lastKnownFileType = sourcecode.swift; path = LiveScoreCardEntry.swift; sourceTree = "<group>"; };
		20C0675D2A8CEA5B00102BCF /* WidgetSmall.swift */ = {isa = PBXFileReference; lastKnownFileType = sourcecode.swift; path = WidgetSmall.swift; sourceTree = "<group>"; };
		20C0675F2A8CEA6C00102BCF /* WidgetMedium.swift */ = {isa = PBXFileReference; lastKnownFileType = sourcecode.swift; path = WidgetMedium.swift; sourceTree = "<group>"; };
		20C067612A8CEAE600102BCF /* Provider.swift */ = {isa = PBXFileReference; lastKnownFileType = sourcecode.swift; path = Provider.swift; sourceTree = "<group>"; };
		460A27A82AA4ABDC00C3A420 /* AnimatedLogoView.swift */ = {isa = PBXFileReference; lastKnownFileType = sourcecode.swift; path = AnimatedLogoView.swift; sourceTree = "<group>"; };
		460FD1FF2A841E4100029FD7 /* PlayerProfileView.swift */ = {isa = PBXFileReference; fileEncoding = 4; lastKnownFileType = sourcecode.swift; path = PlayerProfileView.swift; sourceTree = "<group>"; };
		460FD2002A841E4100029FD7 /* ColorHelper+Extension.swift */ = {isa = PBXFileReference; fileEncoding = 4; lastKnownFileType = sourcecode.swift; path = "ColorHelper+Extension.swift"; sourceTree = "<group>"; };
		460FD2042A841F1700029FD7 /* PlayerBackgroundView.swift */ = {isa = PBXFileReference; lastKnownFileType = sourcecode.swift; path = PlayerBackgroundView.swift; sourceTree = "<group>"; };
		460FD2062A841FCC00029FD7 /* PlayerHeaderView.swift */ = {isa = PBXFileReference; lastKnownFileType = sourcecode.swift; path = PlayerHeaderView.swift; sourceTree = "<group>"; };
		460FD2082A84203C00029FD7 /* PlayerStatsView.swift */ = {isa = PBXFileReference; lastKnownFileType = sourcecode.swift; path = PlayerStatsView.swift; sourceTree = "<group>"; };
		460FD20A2A84210100029FD7 /* RoundedRectangleView.swift */ = {isa = PBXFileReference; lastKnownFileType = sourcecode.swift; path = RoundedRectangleView.swift; sourceTree = "<group>"; };
		460FD24D2A84E75700029FD7 /* CardView.swift */ = {isa = PBXFileReference; lastKnownFileType = sourcecode.swift; path = CardView.swift; sourceTree = "<group>"; };
		460FD24F2A84E77600029FD7 /* CustomTabBar.swift */ = {isa = PBXFileReference; lastKnownFileType = sourcecode.swift; path = CustomTabBar.swift; sourceTree = "<group>"; };
		460FD2512A84E79600029FD7 /* CustomTextField.swift */ = {isa = PBXFileReference; lastKnownFileType = sourcecode.swift; path = CustomTextField.swift; sourceTree = "<group>"; };
		460FD2532A84E7AF00029FD7 /* RotationButton.swift */ = {isa = PBXFileReference; lastKnownFileType = sourcecode.swift; path = RotationButton.swift; sourceTree = "<group>"; };
		460FD2572A84E83400029FD7 /* ShopPage.swift */ = {isa = PBXFileReference; lastKnownFileType = sourcecode.swift; path = ShopPage.swift; sourceTree = "<group>"; };
		460FD25D2A84E8A700029FD7 /* SignInPage.swift */ = {isa = PBXFileReference; lastKnownFileType = sourcecode.swift; path = SignInPage.swift; sourceTree = "<group>"; };
		460FD25F2A84E8B500029FD7 /* SignInView.swift */ = {isa = PBXFileReference; lastKnownFileType = sourcecode.swift; path = SignInView.swift; sourceTree = "<group>"; };
		460FD2612A84E8C900029FD7 /* SignUpView.swift */ = {isa = PBXFileReference; lastKnownFileType = sourcecode.swift; path = SignUpView.swift; sourceTree = "<group>"; };
		460FD2642A84E9D200029FD7 /* HomePage.swift */ = {isa = PBXFileReference; lastKnownFileType = sourcecode.swift; path = HomePage.swift; sourceTree = "<group>"; };
		460FD2662A84EA0700029FD7 /* TextFieldValidator.swift */ = {isa = PBXFileReference; lastKnownFileType = sourcecode.swift; path = TextFieldValidator.swift; sourceTree = "<group>"; };
		460FD26A2A84EA4F00029FD7 /* CustomViewModifiers.swift */ = {isa = PBXFileReference; lastKnownFileType = sourcecode.swift; path = CustomViewModifiers.swift; sourceTree = "<group>"; };
		460FD26C2A84EA8400029FD7 /* HomeSectionObservables.swift */ = {isa = PBXFileReference; lastKnownFileType = sourcecode.swift; path = HomeSectionObservables.swift; sourceTree = "<group>"; };
		460FD26E2A84EB7400029FD7 /* test.swift */ = {isa = PBXFileReference; lastKnownFileType = sourcecode.swift; path = test.swift; sourceTree = "<group>"; };
		461BFE8A2A8EA062007AECB3 /* User.swift */ = {isa = PBXFileReference; lastKnownFileType = sourcecode.swift; path = User.swift; sourceTree = "<group>"; };
		461BFE8E2A8EABF6007AECB3 /* UserProfilePage.swift */ = {isa = PBXFileReference; lastKnownFileType = sourcecode.swift; path = UserProfilePage.swift; sourceTree = "<group>"; wrapsLines = 0; };
		461BFE912A8EAD27007AECB3 /* AuthViewModel.swift */ = {isa = PBXFileReference; lastKnownFileType = sourcecode.swift; path = AuthViewModel.swift; sourceTree = "<group>"; };
		461BFE952A8ECA87007AECB3 /* SettingsRowView.swift */ = {isa = PBXFileReference; lastKnownFileType = sourcecode.swift; path = SettingsRowView.swift; sourceTree = "<group>"; };
		461BFE972A8ECC80007AECB3 /* ProfileCard.swift */ = {isa = PBXFileReference; lastKnownFileType = sourcecode.swift; path = ProfileCard.swift; sourceTree = "<group>"; };
		461BFEA42A8FAB5D007AECB3 /* LoadingIndicator.swift */ = {isa = PBXFileReference; lastKnownFileType = sourcecode.swift; path = LoadingIndicator.swift; sourceTree = "<group>"; };
		4639280B2A7EC0B1002C2767 /* CricKit.app */ = {isa = PBXFileReference; explicitFileType = wrapper.application; includeInIndex = 0; path = CricKit.app; sourceTree = BUILT_PRODUCTS_DIR; };
		4639280E2A7EC0B1002C2767 /* CricKitApp.swift */ = {isa = PBXFileReference; lastKnownFileType = sourcecode.swift; path = CricKitApp.swift; sourceTree = "<group>"; };
		463928122A7EC0B3002C2767 /* Assets.xcassets */ = {isa = PBXFileReference; lastKnownFileType = folder.assetcatalog; path = Assets.xcassets; sourceTree = "<group>"; };
		463928152A7EC0B3002C2767 /* Preview Assets.xcassets */ = {isa = PBXFileReference; lastKnownFileType = folder.assetcatalog; path = "Preview Assets.xcassets"; sourceTree = "<group>"; };
		465DC2712A9C95F400B171BE /* RankingDetailsView.swift */ = {isa = PBXFileReference; lastKnownFileType = sourcecode.swift; path = RankingDetailsView.swift; sourceTree = "<group>"; };
		465DC2732A9C960B00B171BE /* ICCRankingView.swift */ = {isa = PBXFileReference; lastKnownFileType = sourcecode.swift; path = ICCRankingView.swift; sourceTree = "<group>"; };
		465DC2752A9C962000B171BE /* RankingCardView.swift */ = {isa = PBXFileReference; lastKnownFileType = sourcecode.swift; path = RankingCardView.swift; sourceTree = "<group>"; };
		465F2B0A2A99E8570088A35A /* Info.plist */ = {isa = PBXFileReference; lastKnownFileType = text.plist; path = Info.plist; sourceTree = "<group>"; };
		465F2B0B2A99EBD30088A35A /* Utilities.swift */ = {isa = PBXFileReference; lastKnownFileType = sourcecode.swift; path = Utilities.swift; sourceTree = "<group>"; };
		469377022A8A64FF003E9AD8 /* RecentMatchView.swift */ = {isa = PBXFileReference; lastKnownFileType = sourcecode.swift; path = RecentMatchView.swift; sourceTree = "<group>"; };
		469377052A8A6530003E9AD8 /* FeaturedPlayersSectionView.swift */ = {isa = PBXFileReference; lastKnownFileType = sourcecode.swift; path = FeaturedPlayersSectionView.swift; sourceTree = "<group>"; };
		469377082A8A6568003E9AD8 /* LiveScoreCardView.swift */ = {isa = PBXFileReference; lastKnownFileType = sourcecode.swift; path = LiveScoreCardView.swift; sourceTree = "<group>"; };
		46AF6D4D2A9B823100A3EBBB /* SwipeCard.swift */ = {isa = PBXFileReference; lastKnownFileType = sourcecode.swift; path = SwipeCard.swift; sourceTree = "<group>"; };
		46AF6D512A9BE42300A3EBBB /* LiveScoreCardShimmerView.swift */ = {isa = PBXFileReference; lastKnownFileType = sourcecode.swift; path = LiveScoreCardShimmerView.swift; sourceTree = "<group>"; };
		46AF6D532A9BFDB400A3EBBB /* CricketNews.swift */ = {isa = PBXFileReference; lastKnownFileType = sourcecode.swift; path = CricketNews.swift; sourceTree = "<group>"; };
		46AF6D552A9C057000A3EBBB /* CustomBackButton.swift */ = {isa = PBXFileReference; lastKnownFileType = sourcecode.swift; path = CustomBackButton.swift; sourceTree = "<group>"; };
		46CAEF022A9E1B5D009312CE /* FeaturedPlayersModel.swift */ = {isa = PBXFileReference; lastKnownFileType = sourcecode.swift; path = FeaturedPlayersModel.swift; sourceTree = "<group>"; };
		46CAEF042A9E1B87009312CE /* UpComingMatchesModel.swift */ = {isa = PBXFileReference; lastKnownFileType = sourcecode.swift; path = UpComingMatchesModel.swift; sourceTree = "<group>"; };
		46CAEF062A9E1D0C009312CE /* FeaturedPlayersViewModel.swift */ = {isa = PBXFileReference; lastKnownFileType = sourcecode.swift; path = FeaturedPlayersViewModel.swift; sourceTree = "<group>"; };
		46CAEF082A9E1D3A009312CE /* UpComingMatchViewModel.swift */ = {isa = PBXFileReference; lastKnownFileType = sourcecode.swift; path = UpComingMatchViewModel.swift; sourceTree = "<group>"; };
		46CC98E32A9D378F0004C8F1 /* CustomBackground.swift */ = {isa = PBXFileReference; lastKnownFileType = sourcecode.swift; path = CustomBackground.swift; sourceTree = "<group>"; };
		46D255EE2A9F24E8008D5ACF /* EmbossedButton.swift */ = {isa = PBXFileReference; lastKnownFileType = sourcecode.swift; path = EmbossedButton.swift; sourceTree = "<group>"; };
		46D255F02A9F781F008D5ACF /* SignInPageErrorMessageView.swift */ = {isa = PBXFileReference; lastKnownFileType = sourcecode.swift; path = SignInPageErrorMessageView.swift; sourceTree = "<group>"; };
		46D255F52A9FB907008D5ACF /* AppSettings.swift */ = {isa = PBXFileReference; lastKnownFileType = sourcecode.swift; path = AppSettings.swift; sourceTree = "<group>"; };
		46D255F72A9FF0D0008D5ACF /* RecentMatchShimmerView.swift */ = {isa = PBXFileReference; lastKnownFileType = sourcecode.swift; path = RecentMatchShimmerView.swift; sourceTree = "<group>"; };
/* End PBXFileReference section */

/* Begin PBXFrameworksBuildPhase section */
		20C067322A8CCA7E00102BCF /* Frameworks */ = {
			isa = PBXFrameworksBuildPhase;
			buildActionMask = 2147483647;
			files = (
				20C0673A2A8CCA7F00102BCF /* SwiftUI.framework in Frameworks */,
				205CD1932AA239EB0082374E /* FirebaseAuth in Frameworks */,
				20C067382A8CCA7F00102BCF /* WidgetKit.framework in Frameworks */,
				205CD1972AA239FF0082374E /* FirebaseFirestore in Frameworks */,
				205CD1952AA239F10082374E /* FirebaseFirestoreSwift in Frameworks */,
			);
			runOnlyForDeploymentPostprocessing = 0;
		};
		463928082A7EC0B1002C2767 /* Frameworks */ = {
			isa = PBXFrameworksBuildPhase;
			buildActionMask = 2147483647;
			files = (
				465F2B072A99E8230088A35A /* GoogleSignIn in Frameworks */,
				465F2B092A99E8230088A35A /* GoogleSignInSwift in Frameworks */,
				465F2B0F2A9A91B20088A35A /* Shimmer in Frameworks */,
				205CD18F2AA239D20082374E /* FirebaseFirestore in Frameworks */,
				205CD18D2AA239D20082374E /* FirebaseAuth in Frameworks */,
				205CD1912AA239D20082374E /* FirebaseFirestoreSwift in Frameworks */,
			);
			runOnlyForDeploymentPostprocessing = 0;
		};
/* End PBXFrameworksBuildPhase section */

/* Begin PBXGroup section */
		205CD15D2AA0C3680082374E /* UpComingMatchesView */ = {
			isa = PBXGroup;
			children = (
				205CD15E2AA0C3DD0082374E /* UpComingMatchesView.swift */,
			);
			path = UpComingMatchesView;
			sourceTree = "<group>";
		};
		205CD1602AA0C4470082374E /* News */ = {
			isa = PBXGroup;
			children = (
				46AF6D532A9BFDB400A3EBBB /* CricketNews.swift */,
			);
			path = News;
			sourceTree = "<group>";
		};
		205CD1632AA0C83F0082374E /* AppIntents */ = {
			isa = PBXGroup;
			children = (
				205CD1642AA0C84D0082374E /* CrickitIntents.swift */,
			);
			path = AppIntents;
			sourceTree = "<group>";
		};
		205CD1682AA186EA0082374E /* SwiftData */ = {
			isa = PBXGroup;
			children = (
				205CD1692AA187240082374E /* UserData.swift */,
			);
			path = SwiftData;
			sourceTree = "<group>";
		};
		20C067362A8CCA7E00102BCF /* Frameworks */ = {
			isa = PBXGroup;
			children = (
				20C067372A8CCA7E00102BCF /* WidgetKit.framework */,
				20C067392A8CCA7F00102BCF /* SwiftUI.framework */,
			);
			name = Frameworks;
			sourceTree = "<group>";
		};
		20C0673B2A8CCA7F00102BCF /* CrickitWidget */ = {
			isa = PBXGroup;
			children = (
				20C0673C2A8CCA7F00102BCF /* CrickitWidgetBundle.swift */,
				20C0673E2A8CCA7F00102BCF /* CrickitWidgetLiveActivity.swift */,
				20C067582A8CE11600102BCF /* Widgets */,
				20C067422A8CCA7F00102BCF /* CrickitWidget.intentdefinition */,
				20C067432A8CCA8700102BCF /* Assets.xcassets */,
				20C067452A8CCA8700102BCF /* Info.plist */,
			);
			path = CrickitWidget;
			sourceTree = "<group>";
		};
		20C0674F2A8CD2C400102BCF /* Model */ = {
			isa = PBXGroup;
			children = (
				20C067502A8CD2FB00102BCF /* LiveScoreCardModel.swift */,
				461BFE8A2A8EA062007AECB3 /* User.swift */,
				2096CFFB2A99E32F0093C131 /* RecentMatchModel.swift */,
				46CAEF022A9E1B5D009312CE /* FeaturedPlayersModel.swift */,
				46CAEF042A9E1B87009312CE /* UpComingMatchesModel.swift */,
			);
			path = Model;
			sourceTree = "<group>";
		};
		20C067562A8CD74C00102BCF /* HomeSectionSwitchesView */ = {
			isa = PBXGroup;
			children = (
				205CD1602AA0C4470082374E /* News */,
				205CD15D2AA0C3680082374E /* UpComingMatchesView */,
				465DC2702A9C95D900B171BE /* Ranking */,
				469377072A8A6548003E9AD8 /* LiveScoreCardView */,
				469377042A8A6527003E9AD8 /* FeaturedPlayersSectionView */,
				469376FF2A8A64C6003E9AD8 /* RecentMatchView */,
			);
			path = HomeSectionSwitchesView;
			sourceTree = "<group>";
		};
		20C067582A8CE11600102BCF /* Widgets */ = {
			isa = PBXGroup;
			children = (
				20C0675C2A8CEA3300102BCF /* views */,
				20C067402A8CCA7F00102BCF /* CrickitWidget.swift */,
				20C067592A8CE15700102BCF /* LiveScoreCardEntry.swift */,
				20C067612A8CEAE600102BCF /* Provider.swift */,
			);
			path = Widgets;
			sourceTree = "<group>";
		};
		20C0675C2A8CEA3300102BCF /* views */ = {
			isa = PBXGroup;
			children = (
				20C0675D2A8CEA5B00102BCF /* WidgetSmall.swift */,
				20C0675F2A8CEA6C00102BCF /* WidgetMedium.swift */,
			);
			name = views;
			sourceTree = "<group>";
		};
		460FD2032A841E7800029FD7 /* PlayerProfile */ = {
			isa = PBXGroup;
			children = (
				460FD1FF2A841E4100029FD7 /* PlayerProfileView.swift */,
				460FD2042A841F1700029FD7 /* PlayerBackgroundView.swift */,
				460FD2062A841FCC00029FD7 /* PlayerHeaderView.swift */,
				460FD2082A84203C00029FD7 /* PlayerStatsView.swift */,
			);
			path = PlayerProfile;
			sourceTree = "<group>";
		};
		460FD20C2A8422B700029FD7 /* Helper */ = {
			isa = PBXGroup;
			children = (
				205CD1682AA186EA0082374E /* SwiftData */,
				46AF6D4D2A9B823100A3EBBB /* SwipeCard.swift */,
				461BFEA42A8FAB5D007AECB3 /* LoadingIndicator.swift */,
				460FD2002A841E4100029FD7 /* ColorHelper+Extension.swift */,
				460A27A82AA4ABDC00C3A420 /* AnimatedLogoView.swift */,
				460FD2662A84EA0700029FD7 /* TextFieldValidator.swift */,
				460FD26A2A84EA4F00029FD7 /* CustomViewModifiers.swift */,
				460FD26C2A84EA8400029FD7 /* HomeSectionObservables.swift */,
				209ADA732A964E09002B31D5 /* Alerts.swift */,
				209ADA752A987C90002B31D5 /* FirebaseDataService.swift */,
				2065A4592A98858C00F3C522 /* FireStoreHelper.swift */,
				465F2B0B2A99EBD30088A35A /* Utilities.swift */,
			);
			path = Helper;
			sourceTree = "<group>";
		};
		460FD24C2A84E72500029FD7 /* CustomViews */ = {
			isa = PBXGroup;
			children = (
				460FD2032A841E7800029FD7 /* PlayerProfile */,
				460FD24D2A84E75700029FD7 /* CardView.swift */,
				460FD24F2A84E77600029FD7 /* CustomTabBar.swift */,
				460FD2512A84E79600029FD7 /* CustomTextField.swift */,
				460FD2532A84E7AF00029FD7 /* RotationButton.swift */,
				20C067542A8CD48C00102BCF /* SectionTitleView.swift */,
				46D255EE2A9F24E8008D5ACF /* EmbossedButton.swift */,
				46AF6D552A9C057000A3EBBB /* CustomBackButton.swift */,
				46CC98E32A9D378F0004C8F1 /* CustomBackground.swift */,
				460FD20A2A84210100029FD7 /* RoundedRectangleView.swift */,
			);
			path = CustomViews;
			sourceTree = "<group>";
		};
		460FD2562A84E81A00029FD7 /* Shop */ = {
			isa = PBXGroup;
			children = (
				460FD2572A84E83400029FD7 /* ShopPage.swift */,
			);
			path = Shop;
			sourceTree = "<group>";
		};
		460FD2592A84E84A00029FD7 /* Profile */ = {
			isa = PBXGroup;
			children = (
				461BFE8E2A8EABF6007AECB3 /* UserProfilePage.swift */,
				461BFE952A8ECA87007AECB3 /* SettingsRowView.swift */,
				461BFE972A8ECC80007AECB3 /* ProfileCard.swift */,
				46D255F52A9FB907008D5ACF /* AppSettings.swift */,
				205CD1662AA0ECE30082374E /* FavouriteTeamView.swift */,
			);
			path = Profile;
			sourceTree = "<group>";
		};
		460FD2632A84E9C500029FD7 /* Home */ = {
			isa = PBXGroup;
			children = (
				460FD2642A84E9D200029FD7 /* HomePage.swift */,
				20C067522A8CD36800102BCF /* HomeSectionsView.swift */,
				20C067562A8CD74C00102BCF /* HomeSectionSwitchesView */,
			);
			path = Home;
			sourceTree = "<group>";
		};
		460FD2702A85066B00029FD7 /* Pages */ = {
			isa = PBXGroup;
			children = (
				460FD2712A85070300029FD7 /* SignIn */,
				460FD2562A84E81A00029FD7 /* Shop */,
				460FD2632A84E9C500029FD7 /* Home */,
				460FD2592A84E84A00029FD7 /* Profile */,
				460FD26E2A84EB7400029FD7 /* test.swift */,
			);
			name = Pages;
			path = "New Group";
			sourceTree = "<group>";
		};
		460FD2712A85070300029FD7 /* SignIn */ = {
			isa = PBXGroup;
			children = (
				460FD2612A84E8C900029FD7 /* SignUpView.swift */,
				460FD25F2A84E8B500029FD7 /* SignInView.swift */,
				460FD25D2A84E8A700029FD7 /* SignInPage.swift */,
				46D255F02A9F781F008D5ACF /* SignInPageErrorMessageView.swift */,
			);
			name = SignIn;
			path = Sign;
			sourceTree = "<group>";
		};
		461BFE902A8EAD02007AECB3 /* ViewModel */ = {
			isa = PBXGroup;
			children = (
				461BFE912A8EAD27007AECB3 /* AuthViewModel.swift */,
				209ADA712A95C5A7002B31D5 /* LiveScoreCardViewModel.swift */,
				2096CFF92A99E31C0093C131 /* RecentMatchesViewModel.swift */,
				46CAEF062A9E1D0C009312CE /* FeaturedPlayersViewModel.swift */,
				46CAEF082A9E1D3A009312CE /* UpComingMatchViewModel.swift */,
			);
			path = ViewModel;
			sourceTree = "<group>";
		};
		463928022A7EC0B1002C2767 = {
			isa = PBXGroup;
			children = (
				4639280D2A7EC0B1002C2767 /* CricKit */,
				20C0673B2A8CCA7F00102BCF /* CrickitWidget */,
				20C067362A8CCA7E00102BCF /* Frameworks */,
				4639280C2A7EC0B1002C2767 /* Products */,
			);
			sourceTree = "<group>";
		};
		4639280C2A7EC0B1002C2767 /* Products */ = {
			isa = PBXGroup;
			children = (
				4639280B2A7EC0B1002C2767 /* CricKit.app */,
				20C067352A8CCA7E00102BCF /* CrickitWidgetExtension.appex */,
			);
			name = Products;
			sourceTree = "<group>";
		};
		4639280D2A7EC0B1002C2767 /* CricKit */ = {
			isa = PBXGroup;
			children = (
				205CD1632AA0C83F0082374E /* AppIntents */,
				465F2B0A2A99E8570088A35A /* Info.plist */,
				209ADA6F2A95A983002B31D5 /* GoogleService-Info.plist */,
				4639280E2A7EC0B1002C2767 /* CricKitApp.swift */,
				463928122A7EC0B3002C2767 /* Assets.xcassets */,
				20C0674F2A8CD2C400102BCF /* Model */,
				46D255F42A9FB8AA008D5ACF /* Views */,
				461BFE902A8EAD02007AECB3 /* ViewModel */,
				460FD20C2A8422B700029FD7 /* Helper */,
				463928142A7EC0B3002C2767 /* Preview Content */,
			);
			path = CricKit;
			sourceTree = "<group>";
		};
		463928142A7EC0B3002C2767 /* Preview Content */ = {
			isa = PBXGroup;
			children = (
				463928152A7EC0B3002C2767 /* Preview Assets.xcassets */,
			);
			path = "Preview Content";
			sourceTree = "<group>";
		};
		465DC2702A9C95D900B171BE /* Ranking */ = {
			isa = PBXGroup;
			children = (
				465DC2712A9C95F400B171BE /* RankingDetailsView.swift */,
				465DC2732A9C960B00B171BE /* ICCRankingView.swift */,
				465DC2752A9C962000B171BE /* RankingCardView.swift */,
			);
			path = Ranking;
			sourceTree = "<group>";
		};
		469376FF2A8A64C6003E9AD8 /* RecentMatchView */ = {
			isa = PBXGroup;
			children = (
				469377022A8A64FF003E9AD8 /* RecentMatchView.swift */,
				46D255F72A9FF0D0008D5ACF /* RecentMatchShimmerView.swift */,
			);
			path = RecentMatchView;
			sourceTree = "<group>";
		};
		469377042A8A6527003E9AD8 /* FeaturedPlayersSectionView */ = {
			isa = PBXGroup;
			children = (
				469377052A8A6530003E9AD8 /* FeaturedPlayersSectionView.swift */,
			);
			path = FeaturedPlayersSectionView;
			sourceTree = "<group>";
		};
		469377072A8A6548003E9AD8 /* LiveScoreCardView */ = {
			isa = PBXGroup;
			children = (
				469377082A8A6568003E9AD8 /* LiveScoreCardView.swift */,
				46AF6D512A9BE42300A3EBBB /* LiveScoreCardShimmerView.swift */,
			);
			path = LiveScoreCardView;
			sourceTree = "<group>";
		};
		46D255F42A9FB8AA008D5ACF /* Views */ = {
			isa = PBXGroup;
			children = (
				460FD2702A85066B00029FD7 /* Pages */,
				460FD24C2A84E72500029FD7 /* CustomViews */,
			);
			path = Views;
			sourceTree = "<group>";
		};
/* End PBXGroup section */

/* Begin PBXNativeTarget section */
		20C067342A8CCA7E00102BCF /* CrickitWidgetExtension */ = {
			isa = PBXNativeTarget;
			buildConfigurationList = 20C0674E2A8CCA8800102BCF /* Build configuration list for PBXNativeTarget "CrickitWidgetExtension" */;
			buildPhases = (
				20C067312A8CCA7E00102BCF /* Sources */,
				20C067322A8CCA7E00102BCF /* Frameworks */,
				20C067332A8CCA7E00102BCF /* Resources */,
			);
			buildRules = (
			);
			dependencies = (
			);
			name = CrickitWidgetExtension;
			packageProductDependencies = (
				205CD1922AA239EB0082374E /* FirebaseAuth */,
				205CD1942AA239F10082374E /* FirebaseFirestoreSwift */,
				205CD1962AA239FF0082374E /* FirebaseFirestore */,
			);
			productName = CrickitWidgetExtension;
			productReference = 20C067352A8CCA7E00102BCF /* CrickitWidgetExtension.appex */;
			productType = "com.apple.product-type.app-extension";
		};
		4639280A2A7EC0B1002C2767 /* CricKit */ = {
			isa = PBXNativeTarget;
			buildConfigurationList = 463928192A7EC0B3002C2767 /* Build configuration list for PBXNativeTarget "CricKit" */;
			buildPhases = (
				463928072A7EC0B1002C2767 /* Sources */,
				463928082A7EC0B1002C2767 /* Frameworks */,
				463928092A7EC0B1002C2767 /* Resources */,
				20C0674B2A8CCA8700102BCF /* Embed Foundation Extensions */,
			);
			buildRules = (
			);
			dependencies = (
				20C067492A8CCA8700102BCF /* PBXTargetDependency */,
			);
			name = CricKit;
			packageProductDependencies = (
				465F2B062A99E8230088A35A /* GoogleSignIn */,
				465F2B082A99E8230088A35A /* GoogleSignInSwift */,
				465F2B0E2A9A91B20088A35A /* Shimmer */,
				205CD18C2AA239D20082374E /* FirebaseAuth */,
				205CD18E2AA239D20082374E /* FirebaseFirestore */,
				205CD1902AA239D20082374E /* FirebaseFirestoreSwift */,
			);
			productName = CricKit;
			productReference = 4639280B2A7EC0B1002C2767 /* CricKit.app */;
			productType = "com.apple.product-type.application";
		};
/* End PBXNativeTarget section */

/* Begin PBXProject section */
		463928032A7EC0B1002C2767 /* Project object */ = {
			isa = PBXProject;
			attributes = {
				BuildIndependentTargetsInParallel = 1;
				LastSwiftUpdateCheck = 1430;
				LastUpgradeCheck = 1420;
				TargetAttributes = {
					20C067342A8CCA7E00102BCF = {
						CreatedOnToolsVersion = 14.3.1;
					};
					4639280A2A7EC0B1002C2767 = {
						CreatedOnToolsVersion = 14.2;
					};
				};
			};
			buildConfigurationList = 463928062A7EC0B1002C2767 /* Build configuration list for PBXProject "CricKit" */;
			compatibilityVersion = "Xcode 14.0";
			developmentRegion = en;
			hasScannedForEncodings = 0;
			knownRegions = (
				en,
				Base,
			);
			mainGroup = 463928022A7EC0B1002C2767;
			packageReferences = (
				465F2B052A99E8230088A35A /* XCRemoteSwiftPackageReference "GoogleSignIn-iOS" */,
				465F2B0D2A9A91B20088A35A /* XCRemoteSwiftPackageReference "SwiftUI-Shimmer" */,
				205CD18B2AA239D20082374E /* XCRemoteSwiftPackageReference "firebase-ios-sdk" */,
			);
			productRefGroup = 4639280C2A7EC0B1002C2767 /* Products */;
			projectDirPath = "";
			projectRoot = "";
			targets = (
				4639280A2A7EC0B1002C2767 /* CricKit */,
				20C067342A8CCA7E00102BCF /* CrickitWidgetExtension */,
			);
		};
/* End PBXProject section */

/* Begin PBXResourcesBuildPhase section */
		20C067332A8CCA7E00102BCF /* Resources */ = {
			isa = PBXResourcesBuildPhase;
			buildActionMask = 2147483647;
			files = (
				20C067692A8CF9B200102BCF /* Assets.xcassets in Resources */,
				20C067442A8CCA8700102BCF /* Assets.xcassets in Resources */,
				205CD1982AA23BE10082374E /* GoogleService-Info.plist in Resources */,
			);
			runOnlyForDeploymentPostprocessing = 0;
		};
		463928092A7EC0B1002C2767 /* Resources */ = {
			isa = PBXResourcesBuildPhase;
			buildActionMask = 2147483647;
			files = (
				463928162A7EC0B3002C2767 /* Preview Assets.xcassets in Resources */,
				463928132A7EC0B3002C2767 /* Assets.xcassets in Resources */,
				209ADA702A95A983002B31D5 /* GoogleService-Info.plist in Resources */,
			);
			runOnlyForDeploymentPostprocessing = 0;
		};
/* End PBXResourcesBuildPhase section */

/* Begin PBXSourcesBuildPhase section */
		20C067312A8CCA7E00102BCF /* Sources */ = {
			isa = PBXSourcesBuildPhase;
			buildActionMask = 2147483647;
			files = (
				20C067462A8CCA8700102BCF /* CrickitWidget.intentdefinition in Sources */,
				20C067642A8CF13600102BCF /* WidgetSmall.swift in Sources */,
				20C067652A8CF39500102BCF /* WidgetMedium.swift in Sources */,
				205CD17B2AA231F80082374E /* FireStoreHelper.swift in Sources */,
				205CD17A2AA231F00082374E /* CrickitIntents.swift in Sources */,
				20C0673F2A8CCA7F00102BCF /* CrickitWidgetLiveActivity.swift in Sources */,
				205CD17C2AA231FB0082374E /* FirebaseDataService.swift in Sources */,
				20C067672A8CF72700102BCF /* ColorHelper+Extension.swift in Sources */,
				20C067632A8CEAE900102BCF /* Provider.swift in Sources */,
				205CD18A2AA2372E0082374E /* LiveScoreCardViewModel.swift in Sources */,
				20C067572A8CDA5B00102BCF /* LiveScoreCardModel.swift in Sources */,
				20C0673D2A8CCA7F00102BCF /* CrickitWidgetBundle.swift in Sources */,
				20C067412A8CCA7F00102BCF /* CrickitWidget.swift in Sources */,
				20C0675B2A8CE16100102BCF /* LiveScoreCardEntry.swift in Sources */,
			);
			runOnlyForDeploymentPostprocessing = 0;
		};
		463928072A7EC0B1002C2767 /* Sources */ = {
			isa = PBXSourcesBuildPhase;
			buildActionMask = 2147483647;
			files = (
				2096CFFC2A99E32F0093C131 /* RecentMatchModel.swift in Sources */,
				460A27A92AA4ABDC00C3A420 /* AnimatedLogoView.swift in Sources */,
				461BFEA52A8FAB5D007AECB3 /* LoadingIndicator.swift in Sources */,
				461BFE982A8ECC80007AECB3 /* ProfileCard.swift in Sources */,
				46AF6D522A9BE42300A3EBBB /* LiveScoreCardShimmerView.swift in Sources */,
				460FD2542A84E7AF00029FD7 /* RotationButton.swift in Sources */,
				46AF6D4E2A9B823100A3EBBB /* SwipeCard.swift in Sources */,
				460FD2072A841FCC00029FD7 /* PlayerHeaderView.swift in Sources */,
				209ADA722A95C5A7002B31D5 /* LiveScoreCardViewModel.swift in Sources */,
				205CD1672AA0ECE40082374E /* FavouriteTeamView.swift in Sources */,
				46D255F12A9F781F008D5ACF /* SignInPageErrorMessageView.swift in Sources */,
				46D255F62A9FB907008D5ACF /* AppSettings.swift in Sources */,
				461BFE8B2A8EA062007AECB3 /* User.swift in Sources */,
				46CC98E42A9D378F0004C8F1 /* CustomBackground.swift in Sources */,
				4639280F2A7EC0B1002C2767 /* CricKitApp.swift in Sources */,
				465F2B0C2A99EBD30088A35A /* Utilities.swift in Sources */,
				46D255EF2A9F24E8008D5ACF /* EmbossedButton.swift in Sources */,
				460FD2672A84EA0700029FD7 /* TextFieldValidator.swift in Sources */,
				460FD2652A84E9D200029FD7 /* HomePage.swift in Sources */,
				205CD16A2AA187250082374E /* UserData.swift in Sources */,
				465DC2722A9C95F400B171BE /* RankingDetailsView.swift in Sources */,
				460FD26B2A84EA4F00029FD7 /* CustomViewModifiers.swift in Sources */,
				2065A45A2A98858C00F3C522 /* FireStoreHelper.swift in Sources */,
				460FD25E2A84E8A700029FD7 /* SignInPage.swift in Sources */,
				460FD2052A841F1700029FD7 /* PlayerBackgroundView.swift in Sources */,
				460FD26D2A84EA8400029FD7 /* HomeSectionObservables.swift in Sources */,
				460FD2602A84E8B500029FD7 /* SignInView.swift in Sources */,
				469377062A8A6530003E9AD8 /* FeaturedPlayersSectionView.swift in Sources */,
				46D255F82A9FF0D0008D5ACF /* RecentMatchShimmerView.swift in Sources */,
				460FD2582A84E83400029FD7 /* ShopPage.swift in Sources */,
				46CAEF092A9E1D3A009312CE /* UpComingMatchViewModel.swift in Sources */,
				460FD2012A841E4100029FD7 /* PlayerProfileView.swift in Sources */,
				46CAEF032A9E1B5D009312CE /* FeaturedPlayersModel.swift in Sources */,
				46AF6D542A9BFDB400A3EBBB /* CricketNews.swift in Sources */,
				20C067532A8CD36800102BCF /* HomeSectionsView.swift in Sources */,
				46CAEF052A9E1B87009312CE /* UpComingMatchesModel.swift in Sources */,
				209ADA742A964E09002B31D5 /* Alerts.swift in Sources */,
				20C067512A8CD2FB00102BCF /* LiveScoreCardModel.swift in Sources */,
				460FD26F2A84EB7400029FD7 /* test.swift in Sources */,
				460FD2522A84E79600029FD7 /* CustomTextField.swift in Sources */,
				46AF6D562A9C057000A3EBBB /* CustomBackButton.swift in Sources */,
				465DC2742A9C960B00B171BE /* ICCRankingView.swift in Sources */,
				465DC2762A9C962000B171BE /* RankingCardView.swift in Sources */,
				460FD2502A84E77600029FD7 /* CustomTabBar.swift in Sources */,
				205CD1652AA0C84D0082374E /* CrickitIntents.swift in Sources */,
				460FD2022A841E4100029FD7 /* ColorHelper+Extension.swift in Sources */,
				205CD15F2AA0C3DD0082374E /* UpComingMatchesView.swift in Sources */,
				460FD2622A84E8C900029FD7 /* SignUpView.swift in Sources */,
				20C067552A8CD48C00102BCF /* SectionTitleView.swift in Sources */,
				20C067682A8CF94C00102BCF /* LiveScoreCardView.swift in Sources */,
				46CAEF072A9E1D0C009312CE /* FeaturedPlayersViewModel.swift in Sources */,
				469377032A8A64FF003E9AD8 /* RecentMatchView.swift in Sources */,
				2096CFFA2A99E31C0093C131 /* RecentMatchesViewModel.swift in Sources */,
				460FD20B2A84210100029FD7 /* RoundedRectangleView.swift in Sources */,
				209ADA762A987C90002B31D5 /* FirebaseDataService.swift in Sources */,
				461BFE962A8ECA87007AECB3 /* SettingsRowView.swift in Sources */,
				460FD24E2A84E75700029FD7 /* CardView.swift in Sources */,
				461BFE922A8EAD27007AECB3 /* AuthViewModel.swift in Sources */,
				461BFE8F2A8EABF6007AECB3 /* UserProfilePage.swift in Sources */,
				20C067472A8CCA8700102BCF /* CrickitWidget.intentdefinition in Sources */,
				460FD2092A84203C00029FD7 /* PlayerStatsView.swift in Sources */,
			);
			runOnlyForDeploymentPostprocessing = 0;
		};
/* End PBXSourcesBuildPhase section */

/* Begin PBXTargetDependency section */
		20C067492A8CCA8700102BCF /* PBXTargetDependency */ = {
			isa = PBXTargetDependency;
			target = 20C067342A8CCA7E00102BCF /* CrickitWidgetExtension */;
			targetProxy = 20C067482A8CCA8700102BCF /* PBXContainerItemProxy */;
		};
/* End PBXTargetDependency section */

/* Begin XCBuildConfiguration section */
		20C0674C2A8CCA8700102BCF /* Debug */ = {
			isa = XCBuildConfiguration;
			buildSettings = {
				ASSETCATALOG_COMPILER_GLOBAL_ACCENT_COLOR_NAME = AccentColor;
				ASSETCATALOG_COMPILER_WIDGET_BACKGROUND_COLOR_NAME = WidgetBackground;
				CODE_SIGN_STYLE = Automatic;
				CURRENT_PROJECT_VERSION = 1;
				DEVELOPMENT_TEAM = JA675S6WXV;
				GENERATE_INFOPLIST_FILE = YES;
				INFOPLIST_FILE = CrickitWidget/Info.plist;
				INFOPLIST_KEY_CFBundleDisplayName = CrickitWidget;
				INFOPLIST_KEY_NSHumanReadableCopyright = "";
				IPHONEOS_DEPLOYMENT_TARGET = 16.4;
				LD_RUNPATH_SEARCH_PATHS = (
					"$(inherited)",
					"@executable_path/Frameworks",
					"@executable_path/../../Frameworks",
				);
				MARKETING_VERSION = 1.0;
				PRODUCT_BUNDLE_IDENTIFIER = com.iOSAthon.CricKit.CrickitWidget;
				PRODUCT_NAME = "$(TARGET_NAME)";
				SKIP_INSTALL = YES;
				SWIFT_EMIT_LOC_STRINGS = YES;
				SWIFT_VERSION = 5.0;
				TARGETED_DEVICE_FAMILY = "1,2";
			};
			name = Debug;
		};
		20C0674D2A8CCA8700102BCF /* Release */ = {
			isa = XCBuildConfiguration;
			buildSettings = {
				ASSETCATALOG_COMPILER_GLOBAL_ACCENT_COLOR_NAME = AccentColor;
				ASSETCATALOG_COMPILER_WIDGET_BACKGROUND_COLOR_NAME = WidgetBackground;
				CODE_SIGN_IDENTITY = "Apple Development";
				CODE_SIGN_STYLE = Automatic;
				CURRENT_PROJECT_VERSION = 1;
				DEVELOPMENT_TEAM = "";
				GENERATE_INFOPLIST_FILE = YES;
				INFOPLIST_FILE = CrickitWidget/Info.plist;
				INFOPLIST_KEY_CFBundleDisplayName = CrickitWidget;
				INFOPLIST_KEY_NSHumanReadableCopyright = "";
				IPHONEOS_DEPLOYMENT_TARGET = 16.4;
				LD_RUNPATH_SEARCH_PATHS = (
					"$(inherited)",
					"@executable_path/Frameworks",
					"@executable_path/../../Frameworks",
				);
				MARKETING_VERSION = 1.0;
				PRODUCT_BUNDLE_IDENTIFIER = com.iOSAthon.CricKit.CrickitWidget;
				PRODUCT_NAME = "$(TARGET_NAME)";
				PROVISIONING_PROFILE_SPECIFIER = "";
				SKIP_INSTALL = YES;
				SWIFT_EMIT_LOC_STRINGS = YES;
				SWIFT_VERSION = 5.0;
				TARGETED_DEVICE_FAMILY = "1,2";
			};
			name = Release;
		};
		463928172A7EC0B3002C2767 /* Debug */ = {
			isa = XCBuildConfiguration;
			buildSettings = {
				ALWAYS_SEARCH_USER_PATHS = NO;
				CLANG_ANALYZER_NONNULL = YES;
				CLANG_ANALYZER_NUMBER_OBJECT_CONVERSION = YES_AGGRESSIVE;
				CLANG_CXX_LANGUAGE_STANDARD = "gnu++20";
				CLANG_ENABLE_MODULES = YES;
				CLANG_ENABLE_OBJC_ARC = YES;
				CLANG_ENABLE_OBJC_WEAK = YES;
				CLANG_WARN_BLOCK_CAPTURE_AUTORELEASING = YES;
				CLANG_WARN_BOOL_CONVERSION = YES;
				CLANG_WARN_COMMA = YES;
				CLANG_WARN_CONSTANT_CONVERSION = YES;
				CLANG_WARN_DEPRECATED_OBJC_IMPLEMENTATIONS = YES;
				CLANG_WARN_DIRECT_OBJC_ISA_USAGE = YES_ERROR;
				CLANG_WARN_DOCUMENTATION_COMMENTS = YES;
				CLANG_WARN_EMPTY_BODY = YES;
				CLANG_WARN_ENUM_CONVERSION = YES;
				CLANG_WARN_INFINITE_RECURSION = YES;
				CLANG_WARN_INT_CONVERSION = YES;
				CLANG_WARN_NON_LITERAL_NULL_CONVERSION = YES;
				CLANG_WARN_OBJC_IMPLICIT_RETAIN_SELF = YES;
				CLANG_WARN_OBJC_LITERAL_CONVERSION = YES;
				CLANG_WARN_OBJC_ROOT_CLASS = YES_ERROR;
				CLANG_WARN_QUOTED_INCLUDE_IN_FRAMEWORK_HEADER = YES;
				CLANG_WARN_RANGE_LOOP_ANALYSIS = YES;
				CLANG_WARN_STRICT_PROTOTYPES = YES;
				CLANG_WARN_SUSPICIOUS_MOVE = YES;
				CLANG_WARN_UNGUARDED_AVAILABILITY = YES_AGGRESSIVE;
				CLANG_WARN_UNREACHABLE_CODE = YES;
				CLANG_WARN__DUPLICATE_METHOD_MATCH = YES;
				COPY_PHASE_STRIP = NO;
				DEBUG_INFORMATION_FORMAT = dwarf;
				ENABLE_STRICT_OBJC_MSGSEND = YES;
				ENABLE_TESTABILITY = YES;
				GCC_C_LANGUAGE_STANDARD = gnu11;
				GCC_DYNAMIC_NO_PIC = NO;
				GCC_NO_COMMON_BLOCKS = YES;
				GCC_OPTIMIZATION_LEVEL = 0;
				GCC_PREPROCESSOR_DEFINITIONS = (
					"DEBUG=1",
					"$(inherited)",
				);
				GCC_WARN_64_TO_32_BIT_CONVERSION = YES;
				GCC_WARN_ABOUT_RETURN_TYPE = YES_ERROR;
				GCC_WARN_UNDECLARED_SELECTOR = YES;
				GCC_WARN_UNINITIALIZED_AUTOS = YES_AGGRESSIVE;
				GCC_WARN_UNUSED_FUNCTION = YES;
				GCC_WARN_UNUSED_VARIABLE = YES;
				IPHONEOS_DEPLOYMENT_TARGET = 16.2;
				MTL_ENABLE_DEBUG_INFO = INCLUDE_SOURCE;
				MTL_FAST_MATH = YES;
				ONLY_ACTIVE_ARCH = YES;
				SDKROOT = iphoneos;
				SWIFT_ACTIVE_COMPILATION_CONDITIONS = DEBUG;
				SWIFT_OPTIMIZATION_LEVEL = "-Onone";
			};
			name = Debug;
		};
		463928182A7EC0B3002C2767 /* Release */ = {
			isa = XCBuildConfiguration;
			buildSettings = {
				ALWAYS_SEARCH_USER_PATHS = NO;
				CLANG_ANALYZER_NONNULL = YES;
				CLANG_ANALYZER_NUMBER_OBJECT_CONVERSION = YES_AGGRESSIVE;
				CLANG_CXX_LANGUAGE_STANDARD = "gnu++20";
				CLANG_ENABLE_MODULES = YES;
				CLANG_ENABLE_OBJC_ARC = YES;
				CLANG_ENABLE_OBJC_WEAK = YES;
				CLANG_WARN_BLOCK_CAPTURE_AUTORELEASING = YES;
				CLANG_WARN_BOOL_CONVERSION = YES;
				CLANG_WARN_COMMA = YES;
				CLANG_WARN_CONSTANT_CONVERSION = YES;
				CLANG_WARN_DEPRECATED_OBJC_IMPLEMENTATIONS = YES;
				CLANG_WARN_DIRECT_OBJC_ISA_USAGE = YES_ERROR;
				CLANG_WARN_DOCUMENTATION_COMMENTS = YES;
				CLANG_WARN_EMPTY_BODY = YES;
				CLANG_WARN_ENUM_CONVERSION = YES;
				CLANG_WARN_INFINITE_RECURSION = YES;
				CLANG_WARN_INT_CONVERSION = YES;
				CLANG_WARN_NON_LITERAL_NULL_CONVERSION = YES;
				CLANG_WARN_OBJC_IMPLICIT_RETAIN_SELF = YES;
				CLANG_WARN_OBJC_LITERAL_CONVERSION = YES;
				CLANG_WARN_OBJC_ROOT_CLASS = YES_ERROR;
				CLANG_WARN_QUOTED_INCLUDE_IN_FRAMEWORK_HEADER = YES;
				CLANG_WARN_RANGE_LOOP_ANALYSIS = YES;
				CLANG_WARN_STRICT_PROTOTYPES = YES;
				CLANG_WARN_SUSPICIOUS_MOVE = YES;
				CLANG_WARN_UNGUARDED_AVAILABILITY = YES_AGGRESSIVE;
				CLANG_WARN_UNREACHABLE_CODE = YES;
				CLANG_WARN__DUPLICATE_METHOD_MATCH = YES;
				COPY_PHASE_STRIP = NO;
				DEBUG_INFORMATION_FORMAT = "dwarf-with-dsym";
				ENABLE_NS_ASSERTIONS = NO;
				ENABLE_STRICT_OBJC_MSGSEND = YES;
				GCC_C_LANGUAGE_STANDARD = gnu11;
				GCC_NO_COMMON_BLOCKS = YES;
				GCC_WARN_64_TO_32_BIT_CONVERSION = YES;
				GCC_WARN_ABOUT_RETURN_TYPE = YES_ERROR;
				GCC_WARN_UNDECLARED_SELECTOR = YES;
				GCC_WARN_UNINITIALIZED_AUTOS = YES_AGGRESSIVE;
				GCC_WARN_UNUSED_FUNCTION = YES;
				GCC_WARN_UNUSED_VARIABLE = YES;
				IPHONEOS_DEPLOYMENT_TARGET = 16.2;
				MTL_ENABLE_DEBUG_INFO = NO;
				MTL_FAST_MATH = YES;
				SDKROOT = iphoneos;
				SWIFT_COMPILATION_MODE = wholemodule;
				SWIFT_OPTIMIZATION_LEVEL = "-O";
				VALIDATE_PRODUCT = YES;
			};
			name = Release;
		};
		4639281A2A7EC0B3002C2767 /* Debug */ = {
			isa = XCBuildConfiguration;
			buildSettings = {
				ALWAYS_EMBED_SWIFT_STANDARD_LIBRARIES = YES;
				ASSETCATALOG_COMPILER_APPICON_NAME = AppIcon;
				ASSETCATALOG_COMPILER_GLOBAL_ACCENT_COLOR_NAME = AccentColor;
				CODE_SIGN_STYLE = Automatic;
				CURRENT_PROJECT_VERSION = 1;
				DEVELOPMENT_ASSET_PATHS = "\"CricKit/Preview Content\"";
				DEVELOPMENT_TEAM = JA675S6WXV;
				ENABLE_PREVIEWS = YES;
				GENERATE_INFOPLIST_FILE = YES;
				INFOPLIST_FILE = CricKit/Info.plist;
				INFOPLIST_KEY_UIApplicationSceneManifest_Generation = YES;
				INFOPLIST_KEY_UIApplicationSupportsIndirectInputEvents = YES;
				INFOPLIST_KEY_UILaunchScreen_Generation = YES;
				INFOPLIST_KEY_UISupportedInterfaceOrientations_iPad = "UIInterfaceOrientationPortrait UIInterfaceOrientationPortraitUpsideDown UIInterfaceOrientationLandscapeLeft UIInterfaceOrientationLandscapeRight";
				INFOPLIST_KEY_UISupportedInterfaceOrientations_iPhone = "UIInterfaceOrientationPortrait UIInterfaceOrientationLandscapeLeft UIInterfaceOrientationLandscapeRight";
				LD_RUNPATH_SEARCH_PATHS = (
					"$(inherited)",
					"@executable_path/Frameworks",
				);
				MARKETING_VERSION = 1.0;
				PRODUCT_BUNDLE_IDENTIFIER = com.iOSAthon.CricKit;
				PRODUCT_NAME = "$(TARGET_NAME)";
				SWIFT_EMIT_LOC_STRINGS = YES;
				SWIFT_VERSION = 5.0;
				TARGETED_DEVICE_FAMILY = "1,2";
			};
			name = Debug;
		};
		4639281B2A7EC0B3002C2767 /* Release */ = {
			isa = XCBuildConfiguration;
			buildSettings = {
				ALWAYS_EMBED_SWIFT_STANDARD_LIBRARIES = YES;
				ASSETCATALOG_COMPILER_APPICON_NAME = AppIcon;
				ASSETCATALOG_COMPILER_GLOBAL_ACCENT_COLOR_NAME = AccentColor;
				CODE_SIGN_STYLE = Automatic;
				CURRENT_PROJECT_VERSION = 1;
				DEVELOPMENT_ASSET_PATHS = "\"CricKit/Preview Content\"";
				DEVELOPMENT_TEAM = "";
				ENABLE_PREVIEWS = YES;
				GENERATE_INFOPLIST_FILE = YES;
				INFOPLIST_FILE = CricKit/Info.plist;
				INFOPLIST_KEY_UIApplicationSceneManifest_Generation = YES;
				INFOPLIST_KEY_UIApplicationSupportsIndirectInputEvents = YES;
				INFOPLIST_KEY_UILaunchScreen_Generation = YES;
				INFOPLIST_KEY_UISupportedInterfaceOrientations_iPad = "UIInterfaceOrientationPortrait UIInterfaceOrientationPortraitUpsideDown UIInterfaceOrientationLandscapeLeft UIInterfaceOrientationLandscapeRight";
				INFOPLIST_KEY_UISupportedInterfaceOrientations_iPhone = "UIInterfaceOrientationPortrait UIInterfaceOrientationLandscapeLeft UIInterfaceOrientationLandscapeRight";
				LD_RUNPATH_SEARCH_PATHS = (
					"$(inherited)",
					"@executable_path/Frameworks",
				);
				MARKETING_VERSION = 1.0;
				PRODUCT_BUNDLE_IDENTIFIER = com.iOSAthon.CricKit;
				PRODUCT_NAME = "$(TARGET_NAME)";
				SWIFT_EMIT_LOC_STRINGS = YES;
				SWIFT_VERSION = 5.0;
				TARGETED_DEVICE_FAMILY = "1,2";
			};
			name = Release;
		};
/* End XCBuildConfiguration section */

/* Begin XCConfigurationList section */
		20C0674E2A8CCA8800102BCF /* Build configuration list for PBXNativeTarget "CrickitWidgetExtension" */ = {
			isa = XCConfigurationList;
			buildConfigurations = (
				20C0674C2A8CCA8700102BCF /* Debug */,
				20C0674D2A8CCA8700102BCF /* Release */,
			);
			defaultConfigurationIsVisible = 0;
			defaultConfigurationName = Release;
		};
		463928062A7EC0B1002C2767 /* Build configuration list for PBXProject "CricKit" */ = {
			isa = XCConfigurationList;
			buildConfigurations = (
				463928172A7EC0B3002C2767 /* Debug */,
				463928182A7EC0B3002C2767 /* Release */,
			);
			defaultConfigurationIsVisible = 0;
			defaultConfigurationName = Release;
		};
		463928192A7EC0B3002C2767 /* Build configuration list for PBXNativeTarget "CricKit" */ = {
			isa = XCConfigurationList;
			buildConfigurations = (
				4639281A2A7EC0B3002C2767 /* Debug */,
				4639281B2A7EC0B3002C2767 /* Release */,
			);
			defaultConfigurationIsVisible = 0;
			defaultConfigurationName = Release;
		};
/* End XCConfigurationList section */

/* Begin XCRemoteSwiftPackageReference section */
		205CD18B2AA239D20082374E /* XCRemoteSwiftPackageReference "firebase-ios-sdk" */ = {
			isa = XCRemoteSwiftPackageReference;
			repositoryURL = "https://github.com/firebase/firebase-ios-sdk.git";
			requirement = {
				kind = upToNextMajorVersion;
				minimumVersion = 10.14.0;
			};
		};
		465F2B052A99E8230088A35A /* XCRemoteSwiftPackageReference "GoogleSignIn-iOS" */ = {
			isa = XCRemoteSwiftPackageReference;
			repositoryURL = "https://github.com/google/GoogleSignIn-iOS.git";
			requirement = {
				kind = upToNextMajorVersion;
				minimumVersion = 7.0.0;
			};
		};
		465F2B0D2A9A91B20088A35A /* XCRemoteSwiftPackageReference "SwiftUI-Shimmer" */ = {
			isa = XCRemoteSwiftPackageReference;
			repositoryURL = "https://github.com/markiv/SwiftUI-Shimmer.git";
			requirement = {
				kind = upToNextMajorVersion;
				minimumVersion = 1.0.0;
			};
		};
/* End XCRemoteSwiftPackageReference section */

/* Begin XCSwiftPackageProductDependency section */
		205CD18C2AA239D20082374E /* FirebaseAuth */ = {
			isa = XCSwiftPackageProductDependency;
			package = 205CD18B2AA239D20082374E /* XCRemoteSwiftPackageReference "firebase-ios-sdk" */;
			productName = FirebaseAuth;
		};
		205CD18E2AA239D20082374E /* FirebaseFirestore */ = {
			isa = XCSwiftPackageProductDependency;
			package = 205CD18B2AA239D20082374E /* XCRemoteSwiftPackageReference "firebase-ios-sdk" */;
			productName = FirebaseFirestore;
		};
		205CD1902AA239D20082374E /* FirebaseFirestoreSwift */ = {
			isa = XCSwiftPackageProductDependency;
			package = 205CD18B2AA239D20082374E /* XCRemoteSwiftPackageReference "firebase-ios-sdk" */;
			productName = FirebaseFirestoreSwift;
		};
		205CD1922AA239EB0082374E /* FirebaseAuth */ = {
			isa = XCSwiftPackageProductDependency;
			package = 205CD18B2AA239D20082374E /* XCRemoteSwiftPackageReference "firebase-ios-sdk" */;
			productName = FirebaseAuth;
		};
		205CD1942AA239F10082374E /* FirebaseFirestoreSwift */ = {
			isa = XCSwiftPackageProductDependency;
			package = 205CD18B2AA239D20082374E /* XCRemoteSwiftPackageReference "firebase-ios-sdk" */;
			productName = FirebaseFirestoreSwift;
		};
		205CD1962AA239FF0082374E /* FirebaseFirestore */ = {
			isa = XCSwiftPackageProductDependency;
			package = 205CD18B2AA239D20082374E /* XCRemoteSwiftPackageReference "firebase-ios-sdk" */;
			productName = FirebaseFirestore;
		};
		465F2B062A99E8230088A35A /* GoogleSignIn */ = {
			isa = XCSwiftPackageProductDependency;
			package = 465F2B052A99E8230088A35A /* XCRemoteSwiftPackageReference "GoogleSignIn-iOS" */;
			productName = GoogleSignIn;
		};
		465F2B082A99E8230088A35A /* GoogleSignInSwift */ = {
			isa = XCSwiftPackageProductDependency;
			package = 465F2B052A99E8230088A35A /* XCRemoteSwiftPackageReference "GoogleSignIn-iOS" */;
			productName = GoogleSignInSwift;
		};
		465F2B0E2A9A91B20088A35A /* Shimmer */ = {
			isa = XCSwiftPackageProductDependency;
			package = 465F2B0D2A9A91B20088A35A /* XCRemoteSwiftPackageReference "SwiftUI-Shimmer" */;
			productName = Shimmer;
		};
/* End XCSwiftPackageProductDependency section */
	};
	rootObject = 463928032A7EC0B1002C2767 /* Project object */;
}
